
Microsoft Visual Studio Solution File, Format Version 12.00
# Visual Studio Version 17
VisualStudioVersion = 17.7.34024.191
MinimumVisualStudioVersion = 10.0.40219.1
Project("{9A19103F-16F7-4668-BE54-9A1E7A4F7556}") = "Demo__NET_CYBER_ASP", "Demo__NET_CYBER_ASP\Demo__NET_CYBER_ASP.csproj", "{FD9472B9-7C1D-4885-9A20-B8BC413EADE1}"
EndProject
Global
	GlobalSection(SolutionConfigurationPlatforms) = preSolution
		Debug|Any CPU = Debug|Any CPU
		Release|Any CPU = Release|Any CPU
	EndGlobalSection
	GlobalSection(ProjectConfigurationPlatforms) = postSolution
		{FD9472B9-7C1D-4885-9A20-B8BC413EADE1}.Debug|Any CPU.ActiveCfg = Debug|Any CPU
		{FD9472B9-7C1D-4885-9A20-B8BC413EADE1}.Debug|Any CPU.Build.0 = Debug|Any CPU
		{FD9472B9-7C1D-4885-9A20-B8BC413EADE1}.Release|Any CPU.ActiveCfg = Release|Any CPU
		{FD9472B9-7C1D-4885-9A20-B8BC413EADE1}.Release|Any CPU.Build.0 = Release|Any CPU
	EndGlobalSection
	GlobalSection(SolutionProperties) = preSolution
		HideSolutionNode = FALSE
	EndGlobalSection
	GlobalSection(ExtensibilityGlobals) = postSolution
		SolutionGuid = {CE154552-555C-4E24-8B35-CE52BCEC79BA}
	EndGlobalSection
EndGlobal
